
Microsoft Visual Studio Solution File, Format Version 12.00
# Visual Studio Version 16
VisualStudioVersion = 16.0.29613.14
MinimumVisualStudioVersion = 10.0.40219.1
Project("{FAE04EC0-301F-11D3-BF4B-00C04F79EFBC}") = "SportsStore", "SportsStore\SportsStore.csproj", "{5CB0FB57-B72B-4E30-8FD2-DEFAA6C163A1}"
EndProject
Global
	GlobalSection(SolutionConfigurationPlatforms) = preSolution
		Debug|Any CPU = Debug|Any CPU
		Release|Any CPU = Release|Any CPU
	EndGlobalSection
	GlobalSection(ProjectConfigurationPlatforms) = postSolution
		{5CB0FB57-B72B-4E30-8FD2-DEFAA6C163A1}.Debug|Any CPU.ActiveCfg = Debug|Any CPU
		{5CB0FB57-B72B-4E30-8FD2-DEFAA6C163A1}.Debug|Any CPU.Build.0 = Debug|Any CPU
		{5CB0FB57-B72B-4E30-8FD2-DEFAA6C163A1}.Release|Any CPU.ActiveCfg = Release|Any CPU
		{5CB0FB57-B72B-4E30-8FD2-DEFAA6C163A1}.Release|Any CPU.Build.0 = Release|Any CPU
	EndGlobalSection
	GlobalSection(SolutionProperties) = preSolution
		HideSolutionNode = FALSE
	EndGlobalSection
	GlobalSection(ExtensibilityGlobals) = postSolution
		SolutionGuid = {142EEB27-C4DF-441D-BBC7-D8C89C69CB01}
	EndGlobalSection
EndGlobal
